
Microsoft Visual Studio Solution File, Format Version 12.00
# Visual Studio Version 16
VisualStudioVersion = 16.0.32602.291
MinimumVisualStudioVersion = 10.0.40219.1
Project("{8BC9CEB8-8B4A-11D0-8D11-00A0C91BC942}") = "Sandbox", "Sandbox.vcxproj", "{5E335069-48D9-4F3F-AA82-611824AA2275}"
	ProjectSection(ProjectDependencies) = postProject
		{535F192D-3448-431E-B0CA-529F22CAFA5C} = {535F192D-3448-431E-B0CA-529F22CAFA5C}
	EndProjectSection
EndProject
Project("{8BC9CEB8-8B4A-11D0-8D11-00A0C91BC942}") = "Engine", "..\..\..\ENGINE\projects\visual_studio2019\Engine.vcxproj", "{535F192D-3448-431E-B0CA-529F22CAFA5C}"
EndProject
Global
	GlobalSection(SolutionConfigurationPlatforms) = preSolution
		Debug|x64 = Debug|x64
		Release|x64 = Release|x64
	EndGlobalSection
	GlobalSection(ProjectConfigurationPlatforms) = postSolution
		{5E335069-48D9-4F3F-AA82-611824AA2275}.Debug|x64.ActiveCfg = Debug|x64
		{5E335069-48D9-4F3F-AA82-611824AA2275}.Debug|x64.Build.0 = Debug|x64
		{5E335069-48D9-4F3F-AA82-611824AA2275}.Release|x64.ActiveCfg = Release|x64
		{5E335069-48D9-4F3F-AA82-611824AA2275}.Release|x64.Build.0 = Release|x64
		{535F192D-3448-431E-B0CA-529F22CAFA5C}.Debug|x64.ActiveCfg = Debug|x64
		{535F192D-3448-431E-B0CA-529F22CAFA5C}.Debug|x64.Build.0 = Debug|x64
		{535F192D-3448-431E-B0CA-529F22CAFA5C}.Release|x64.ActiveCfg = Release|x64
		{535F192D-3448-431E-B0CA-529F22CAFA5C}.Release|x64.Build.0 = Release|x64
	EndGlobalSection
	GlobalSection(SolutionProperties) = preSolution
		HideSolutionNode = FALSE
	EndGlobalSection
	GlobalSection(ExtensibilityGlobals) = postSolution
		SolutionGuid = {989EC478-2570-4CE6-AEF5-7BA190785548}
	EndGlobalSection
EndGlobal
